
Microsoft Visual Studio Solution File, Format Version 12.00
# Visual Studio Version 17
VisualStudioVersion = 17.4.33103.184
MinimumVisualStudioVersion = 10.0.40219.1
Project("{FAE04EC0-301F-11D3-BF4B-00C04F79EFBC}") = "api_call_HttpClient", "api_call_HttpClient\api_call_HttpClient.csproj", "{6E36B24E-0ACB-40F8-A08A-58DF4320076D}"
EndProject
Global
	GlobalSection(SolutionConfigurationPlatforms) = preSolution
		Debug|Any CPU = Debug|Any CPU
		Release|Any CPU = Release|Any CPU
	EndGlobalSection
	GlobalSection(ProjectConfigurationPlatforms) = postSolution
		{6E36B24E-0ACB-40F8-A08A-58DF4320076D}.Debug|Any CPU.ActiveCfg = Debug|Any CPU
		{6E36B24E-0ACB-40F8-A08A-58DF4320076D}.Debug|Any CPU.Build.0 = Debug|Any CPU
		{6E36B24E-0ACB-40F8-A08A-58DF4320076D}.Release|Any CPU.ActiveCfg = Release|Any CPU
		{6E36B24E-0ACB-40F8-A08A-58DF4320076D}.Release|Any CPU.Build.0 = Release|Any CPU
	EndGlobalSection
	GlobalSection(SolutionProperties) = preSolution
		HideSolutionNode = FALSE
	EndGlobalSection
	GlobalSection(ExtensibilityGlobals) = postSolution
		SolutionGuid = {B76DD1FC-4F39-42C4-A5FF-FA60A4D7D71C}
	EndGlobalSection
EndGlobal
