
Microsoft Visual Studio Solution File, Format Version 12.00
# Visual Studio Version 17
VisualStudioVersion = 17.4.33103.184
MinimumVisualStudioVersion = 10.0.40219.1
Project("{FAE04EC0-301F-11D3-BF4B-00C04F79EFBC}") = "clientManagementMVC_DI", "clientManagementMVC_DI\clientManagementMVC_DI.csproj", "{FFFD2D10-CCE9-4EEF-ADE4-6EC698D61ACC}"
EndProject
Global
	GlobalSection(SolutionConfigurationPlatforms) = preSolution
		Debug|Any CPU = Debug|Any CPU
		Release|Any CPU = Release|Any CPU
	EndGlobalSection
	GlobalSection(ProjectConfigurationPlatforms) = postSolution
		{FFFD2D10-CCE9-4EEF-ADE4-6EC698D61ACC}.Debug|Any CPU.ActiveCfg = Debug|Any CPU
		{FFFD2D10-CCE9-4EEF-ADE4-6EC698D61ACC}.Debug|Any CPU.Build.0 = Debug|Any CPU
		{FFFD2D10-CCE9-4EEF-ADE4-6EC698D61ACC}.Release|Any CPU.ActiveCfg = Release|Any CPU
		{FFFD2D10-CCE9-4EEF-ADE4-6EC698D61ACC}.Release|Any CPU.Build.0 = Release|Any CPU
	EndGlobalSection
	GlobalSection(SolutionProperties) = preSolution
		HideSolutionNode = FALSE
	EndGlobalSection
	GlobalSection(ExtensibilityGlobals) = postSolution
		SolutionGuid = {3089D11B-4CDC-4342-8F3D-DC88AA0985FB}
	EndGlobalSection
EndGlobal
