
Microsoft Visual Studio Solution File, Format Version 12.00
# Visual Studio Version 17
VisualStudioVersion = 17.4.33103.184
MinimumVisualStudioVersion = 10.0.40219.1
Project("{FAE04EC0-301F-11D3-BF4B-00C04F79EFBC}") = "MVC_webapi", "MVC_webapi\MVC_webapi.csproj", "{437F30A6-49D9-418E-A39A-A1ED5EF0D3AD}"
EndProject
Global
	GlobalSection(SolutionConfigurationPlatforms) = preSolution
		Debug|Any CPU = Debug|Any CPU
		Release|Any CPU = Release|Any CPU
	EndGlobalSection
	GlobalSection(ProjectConfigurationPlatforms) = postSolution
		{437F30A6-49D9-418E-A39A-A1ED5EF0D3AD}.Debug|Any CPU.ActiveCfg = Debug|Any CPU
		{437F30A6-49D9-418E-A39A-A1ED5EF0D3AD}.Debug|Any CPU.Build.0 = Debug|Any CPU
		{437F30A6-49D9-418E-A39A-A1ED5EF0D3AD}.Release|Any CPU.ActiveCfg = Release|Any CPU
		{437F30A6-49D9-418E-A39A-A1ED5EF0D3AD}.Release|Any CPU.Build.0 = Release|Any CPU
	EndGlobalSection
	GlobalSection(SolutionProperties) = preSolution
		HideSolutionNode = FALSE
	EndGlobalSection
	GlobalSection(ExtensibilityGlobals) = postSolution
		SolutionGuid = {FF70B6CE-C917-437A-A45B-B664768444E8}
	EndGlobalSection
EndGlobal
