
Microsoft Visual Studio Solution File, Format Version 12.00
# Visual Studio Version 17
VisualStudioVersion = 17.4.33103.184
MinimumVisualStudioVersion = 10.0.40219.1
Project("{FAE04EC0-301F-11D3-BF4B-00C04F79EFBC}") = "employeeManagement", "employeeManagement\employeeManagement.csproj", "{14A2BB49-C333-4F28-8B59-BE741DD79C7F}"
EndProject
Global
	GlobalSection(SolutionConfigurationPlatforms) = preSolution
		Debug|Any CPU = Debug|Any CPU
		Release|Any CPU = Release|Any CPU
	EndGlobalSection
	GlobalSection(ProjectConfigurationPlatforms) = postSolution
		{14A2BB49-C333-4F28-8B59-BE741DD79C7F}.Debug|Any CPU.ActiveCfg = Debug|Any CPU
		{14A2BB49-C333-4F28-8B59-BE741DD79C7F}.Debug|Any CPU.Build.0 = Debug|Any CPU
		{14A2BB49-C333-4F28-8B59-BE741DD79C7F}.Release|Any CPU.ActiveCfg = Release|Any CPU
		{14A2BB49-C333-4F28-8B59-BE741DD79C7F}.Release|Any CPU.Build.0 = Release|Any CPU
	EndGlobalSection
	GlobalSection(SolutionProperties) = preSolution
		HideSolutionNode = FALSE
	EndGlobalSection
	GlobalSection(ExtensibilityGlobals) = postSolution
		SolutionGuid = {48E7D67A-FCDB-40D9-A575-11C370E01B73}
	EndGlobalSection
EndGlobal
