
Microsoft Visual Studio Solution File, Format Version 12.00
# Visual Studio Version 17
VisualStudioVersion = 17.4.33103.184
MinimumVisualStudioVersion = 10.0.40219.1
Project("{FAE04EC0-301F-11D3-BF4B-00C04F79EFBC}") = "employeeManagementAPP", "employeeManagementAPP\employeeManagementAPP.csproj", "{5FE39046-93B5-43F8-A525-28D1CE42AA4A}"
EndProject
Global
	GlobalSection(SolutionConfigurationPlatforms) = preSolution
		Debug|Any CPU = Debug|Any CPU
		Release|Any CPU = Release|Any CPU
	EndGlobalSection
	GlobalSection(ProjectConfigurationPlatforms) = postSolution
		{5FE39046-93B5-43F8-A525-28D1CE42AA4A}.Debug|Any CPU.ActiveCfg = Debug|Any CPU
		{5FE39046-93B5-43F8-A525-28D1CE42AA4A}.Debug|Any CPU.Build.0 = Debug|Any CPU
		{5FE39046-93B5-43F8-A525-28D1CE42AA4A}.Release|Any CPU.ActiveCfg = Release|Any CPU
		{5FE39046-93B5-43F8-A525-28D1CE42AA4A}.Release|Any CPU.Build.0 = Release|Any CPU
	EndGlobalSection
	GlobalSection(SolutionProperties) = preSolution
		HideSolutionNode = FALSE
	EndGlobalSection
	GlobalSection(ExtensibilityGlobals) = postSolution
		SolutionGuid = {BFDC9CD2-BACE-4E1F-8194-DAE153971037}
	EndGlobalSection
EndGlobal
